// !$*UTF8*$!
{
	archiveVersion = 1;
	classes = {
	};
	objectVersion = 50;
	objects = {

/* Begin PBXBuildFile section */
		72048C51235D8BAE00E0FB70 /* YXVideoViewController.m in Sources */ = {isa = PBXBuildFile; fileRef = 72048C50235D8BAE00E0FB70 /* YXVideoViewController.m */; };
		72048C54235D995D00E0FB70 /* YXRecommendViewController.m in Sources */ = {isa = PBXBuildFile; fileRef = 72048C53235D995D00E0FB70 /* YXRecommendViewController.m */; };
		72048C57235DA79900E0FB70 /* YXNormalTableViewCell.m in Sources */ = {isa = PBXBuildFile; fileRef = 72048C56235DA79900E0FB70 /* YXNormalTableViewCell.m */; };
		728F4B98235EDD2000FA2811 /* YXDetailViewController.m in Sources */ = {isa = PBXBuildFile; fileRef = 728F4B97235EDD2000FA2811 /* YXDetailViewController.m */; };
		728F4B9B235EFEC900FA2811 /* YXDeleteCellView.m in Sources */ = {isa = PBXBuildFile; fileRef = 728F4B9A235EFEC900FA2811 /* YXDeleteCellView.m */; };
		72A9A7012353F2530051ADCB /* AppDelegate.m in Sources */ = {isa = PBXBuildFile; fileRef = 72A9A7002353F2530051ADCB /* AppDelegate.m */; };
		72A9A7042353F2530051ADCB /* SceneDelegate.m in Sources */ = {isa = PBXBuildFile; fileRef = 72A9A7032353F2530051ADCB /* SceneDelegate.m */; };
		72A9A7072353F2530051ADCB /* YXNewsViewController.m in Sources */ = {isa = PBXBuildFile; fileRef = 72A9A7062353F2530051ADCB /* YXNewsViewController.m */; };
		72A9A70A2353F2530051ADCB /* Main.storyboard in Resources */ = {isa = PBXBuildFile; fileRef = 72A9A7082353F2530051ADCB /* Main.storyboard */; };
		72A9A70C2353F2560051ADCB /* Assets.xcassets in Resources */ = {isa = PBXBuildFile; fileRef = 72A9A70B2353F2560051ADCB /* Assets.xcassets */; };
		72A9A70F2353F2560051ADCB /* LaunchScreen.storyboard in Resources */ = {isa = PBXBuildFile; fileRef = 72A9A70D2353F2560051ADCB /* LaunchScreen.storyboard */; };
		72A9A7122353F2560051ADCB /* main.m in Sources */ = {isa = PBXBuildFile; fileRef = 72A9A7112353F2560051ADCB /* main.m */; };
/* End PBXBuildFile section */

/* Begin PBXFileReference section */
		72048C4F235D8BAE00E0FB70 /* YXVideoViewController.h */ = {isa = PBXFileReference; lastKnownFileType = sourcecode.c.h; path = YXVideoViewController.h; sourceTree = "<group>"; };
		72048C50235D8BAE00E0FB70 /* YXVideoViewController.m */ = {isa = PBXFileReference; lastKnownFileType = sourcecode.c.objc; path = YXVideoViewController.m; sourceTree = "<group>"; };
		72048C52235D995D00E0FB70 /* YXRecommendViewController.h */ = {isa = PBXFileReference; lastKnownFileType = sourcecode.c.h; path = YXRecommendViewController.h; sourceTree = "<group>"; };
		72048C53235D995D00E0FB70 /* YXRecommendViewController.m */ = {isa = PBXFileReference; lastKnownFileType = sourcecode.c.objc; path = YXRecommendViewController.m; sourceTree = "<group>"; };
		72048C55235DA79900E0FB70 /* YXNormalTableViewCell.h */ = {isa = PBXFileReference; lastKnownFileType = sourcecode.c.h; path = YXNormalTableViewCell.h; sourceTree = "<group>"; };
		72048C56235DA79900E0FB70 /* YXNormalTableViewCell.m */ = {isa = PBXFileReference; lastKnownFileType = sourcecode.c.objc; path = YXNormalTableViewCell.m; sourceTree = "<group>"; };
		728F4B96235EDD2000FA2811 /* YXDetailViewController.h */ = {isa = PBXFileReference; lastKnownFileType = sourcecode.c.h; path = YXDetailViewController.h; sourceTree = "<group>"; };
		728F4B97235EDD2000FA2811 /* YXDetailViewController.m */ = {isa = PBXFileReference; lastKnownFileType = sourcecode.c.objc; path = YXDetailViewController.m; sourceTree = "<group>"; };
		728F4B99235EFEC900FA2811 /* YXDeleteCellView.h */ = {isa = PBXFileReference; lastKnownFileType = sourcecode.c.h; path = YXDeleteCellView.h; sourceTree = "<group>"; };
		728F4B9A235EFEC900FA2811 /* YXDeleteCellView.m */ = {isa = PBXFileReference; lastKnownFileType = sourcecode.c.objc; path = YXDeleteCellView.m; sourceTree = "<group>"; };
		72A9A6FC2353F2520051ADCB /* NewsApp.app */ = {isa = PBXFileReference; explicitFileType = wrapper.application; includeInIndex = 0; path = NewsApp.app; sourceTree = BUILT_PRODUCTS_DIR; };
		72A9A6FF2353F2530051ADCB /* AppDelegate.h */ = {isa = PBXFileReference; lastKnownFileType = sourcecode.c.h; path = AppDelegate.h; sourceTree = "<group>"; };
		72A9A7002353F2530051ADCB /* AppDelegate.m */ = {isa = PBXFileReference; lastKnownFileType = sourcecode.c.objc; path = AppDelegate.m; sourceTree = "<group>"; };
		72A9A7022353F2530051ADCB /* SceneDelegate.h */ = {isa = PBXFileReference; lastKnownFileType = sourcecode.c.h; path = SceneDelegate.h; sourceTree = "<group>"; };
		72A9A7032353F2530051ADCB /* SceneDelegate.m */ = {isa = PBXFileReference; lastKnownFileType = sourcecode.c.objc; path = SceneDelegate.m; sourceTree = "<group>"; };
		72A9A7052353F2530051ADCB /* YXNewsViewController.h */ = {isa = PBXFileReference; lastKnownFileType = sourcecode.c.h; path = YXNewsViewController.h; sourceTree = "<group>"; };
		72A9A7062353F2530051ADCB /* YXNewsViewController.m */ = {isa = PBXFileReference; lastKnownFileType = sourcecode.c.objc; path = YXNewsViewController.m; sourceTree = "<group>"; };
		72A9A7092353F2530051ADCB /* Base */ = {isa = PBXFileReference; lastKnownFileType = file.storyboard; name = Base; path = Base.lproj/Main.storyboard; sourceTree = "<group>"; };
		72A9A70B2353F2560051ADCB /* Assets.xcassets */ = {isa = PBXFileReference; lastKnownFileType = folder.assetcatalog; path = Assets.xcassets; sourceTree = "<group>"; };
		72A9A70E2353F2560051ADCB /* Base */ = {isa = PBXFileReference; lastKnownFileType = file.storyboard; name = Base; path = Base.lproj/LaunchScreen.storyboard; sourceTree = "<group>"; };
		72A9A7102353F2560051ADCB /* Info.plist */ = {isa = PBXFileReference; lastKnownFileType = text.plist.xml; path = Info.plist; sourceTree = "<group>"; };
		72A9A7112353F2560051ADCB /* main.m */ = {isa = PBXFileReference; lastKnownFileType = sourcecode.c.objc; path = main.m; sourceTree = "<group>"; };
/* End PBXFileReference section */

/* Begin PBXFrameworksBuildPhase section */
		72A9A6F92353F2520051ADCB /* Frameworks */ = {
			isa = PBXFrameworksBuildPhase;
			buildActionMask = 2147483647;
			files = (
			);
			runOnlyForDeploymentPostprocessing = 0;
		};
/* End PBXFrameworksBuildPhase section */

/* Begin PBXGroup section */
		72A9A6F32353F2520051ADCB = {
			isa = PBXGroup;
			children = (
				72A9A6FE2353F2520051ADCB /* NewsApp */,
				72A9A6FD2353F2520051ADCB /* Products */,
			);
			sourceTree = "<group>";
		};
		72A9A6FD2353F2520051ADCB /* Products */ = {
			isa = PBXGroup;
			children = (
				72A9A6FC2353F2520051ADCB /* NewsApp.app */,
			);
			name = Products;
			sourceTree = "<group>";
		};
		72A9A6FE2353F2520051ADCB /* NewsApp */ = {
			isa = PBXGroup;
			children = (
				72EC248A2366C00B00C451F8 /* NewsController */,
				72A9A6FF2353F2530051ADCB /* AppDelegate.h */,
				72A9A7002353F2530051ADCB /* AppDelegate.m */,
				72A9A7022353F2530051ADCB /* SceneDelegate.h */,
				72A9A7032353F2530051ADCB /* SceneDelegate.m */,
				72A9A7082353F2530051ADCB /* Main.storyboard */,
				72A9A70B2353F2560051ADCB /* Assets.xcassets */,
				72A9A70D2353F2560051ADCB /* LaunchScreen.storyboard */,
				72A9A7102353F2560051ADCB /* Info.plist */,
				72A9A7112353F2560051ADCB /* main.m */,
				72048C4F235D8BAE00E0FB70 /* YXVideoViewController.h */,
				72048C50235D8BAE00E0FB70 /* YXVideoViewController.m */,
				72048C52235D995D00E0FB70 /* YXRecommendViewController.h */,
				72048C53235D995D00E0FB70 /* YXRecommendViewController.m */,
			);
			path = NewsApp;
			sourceTree = "<group>";
		};
		72EC248A2366C00B00C451F8 /* NewsController */ = {
			isa = PBXGroup;
			children = (
				72EC248C2366C06B00C451F8 /* List */,
				72EC248B2366C05F00C451F8 /* Detail */,
				72A9A7052353F2530051ADCB /* YXNewsViewController.h */,
				72A9A7062353F2530051ADCB /* YXNewsViewController.m */,
				72048C55235DA79900E0FB70 /* YXNormalTableViewCell.h */,
				72048C56235DA79900E0FB70 /* YXNormalTableViewCell.m */,
				728F4B99235EFEC900FA2811 /* YXDeleteCellView.h */,
				728F4B9A235EFEC900FA2811 /* YXDeleteCellView.m */,
			);
			path = NewsController;
			sourceTree = "<group>";
		};
		72EC248B2366C05F00C451F8 /* Detail */ = {
			isa = PBXGroup;
			children = (
				728F4B96235EDD2000FA2811 /* YXDetailViewController.h */,
				728F4B97235EDD2000FA2811 /* YXDetailViewController.m */,
			);
			path = Detail;
			sourceTree = "<group>";
		};
		72EC248C2366C06B00C451F8 /* List */ = {
			isa = PBXGroup;
			children = (
			);
			path = List;
			sourceTree = "<group>";
		};
/* End PBXGroup section */

/* Begin PBXNativeTarget section */
		72A9A6FB2353F2520051ADCB /* NewsApp */ = {
			isa = PBXNativeTarget;
			buildConfigurationList = 72A9A7152353F2560051ADCB /* Build configuration list for PBXNativeTarget "NewsApp" */;
			buildPhases = (
				72A9A6F82353F2520051ADCB /* Sources */,
				72A9A6F92353F2520051ADCB /* Frameworks */,
				72A9A6FA2353F2520051ADCB /* Resources */,
			);
			buildRules = (
			);
			dependencies = (
			);
			name = NewsApp;
			productName = NewsApp;
			productReference = 72A9A6FC2353F2520051ADCB /* NewsApp.app */;
			productType = "com.apple.product-type.application";
		};
/* End PBXNativeTarget section */

/* Begin PBXProject section */
		72A9A6F42353F2520051ADCB /* Project object */ = {
			isa = PBXProject;
			attributes = {
				LastUpgradeCheck = 1110;
				ORGANIZATIONNAME = "Victor Wu";
				TargetAttributes = {
					72A9A6FB2353F2520051ADCB = {
						CreatedOnToolsVersion = 11.1;
					};
				};
			};
			buildConfigurationList = 72A9A6F72353F2520051ADCB /* Build configuration list for PBXProject "NewsApp" */;
			compatibilityVersion = "Xcode 9.3";
			developmentRegion = en;
			hasScannedForEncodings = 0;
			knownRegions = (
				en,
				Base,
			);
			mainGroup = 72A9A6F32353F2520051ADCB;
			productRefGroup = 72A9A6FD2353F2520051ADCB /* Products */;
			projectDirPath = "";
			projectRoot = "";
			targets = (
				72A9A6FB2353F2520051ADCB /* NewsApp */,
			);
		};
/* End PBXProject section */

/* Begin PBXResourcesBuildPhase section */
		72A9A6FA2353F2520051ADCB /* Resources */ = {
			isa = PBXResourcesBuildPhase;
			buildActionMask = 2147483647;
			files = (
				72A9A70F2353F2560051ADCB /* LaunchScreen.storyboard in Resources */,
				72A9A70C2353F2560051ADCB /* Assets.xcassets in Resources */,
				72A9A70A2353F2530051ADCB /* Main.storyboard in Resources */,
			);
			runOnlyForDeploymentPostprocessing = 0;
		};
/* End PBXResourcesBuildPhase section */

/* Begin PBXSourcesBuildPhase section */
		72A9A6F82353F2520051ADCB /* Sources */ = {
			isa = PBXSourcesBuildPhase;
			buildActionMask = 2147483647;
			files = (
				728F4B9B235EFEC900FA2811 /* YXDeleteCellView.m in Sources */,
				72048C57235DA79900E0FB70 /* YXNormalTableViewCell.m in Sources */,
				72048C54235D995D00E0FB70 /* YXRecommendViewController.m in Sources */,
				72A9A7072353F2530051ADCB /* YXNewsViewController.m in Sources */,
				72A9A7012353F2530051ADCB /* AppDelegate.m in Sources */,
				72A9A7122353F2560051ADCB /* main.m in Sources */,
				72048C51235D8BAE00E0FB70 /* YXVideoViewController.m in Sources */,
				728F4B98235EDD2000FA2811 /* YXDetailViewController.m in Sources */,
				72A9A7042353F2530051ADCB /* SceneDelegate.m in Sources */,
			);
			runOnlyForDeploymentPostprocessing = 0;
		};
/* End PBXSourcesBuildPhase section */

/* Begin PBXVariantGroup section */
		72A9A7082353F2530051ADCB /* Main.storyboard */ = {
			isa = PBXVariantGroup;
			children = (
				72A9A7092353F2530051ADCB /* Base */,
			);
			name = Main.storyboard;
			sourceTree = "<group>";
		};
		72A9A70D2353F2560051ADCB /* LaunchScreen.storyboard */ = {
			isa = PBXVariantGroup;
			children = (
				72A9A70E2353F2560051ADCB /* Base */,
			);
			name = LaunchScreen.storyboard;
			sourceTree = "<group>";
		};
/* End PBXVariantGroup section */

/* Begin XCBuildConfiguration section */
		72A9A7132353F2560051ADCB /* Debug */ = {
			isa = XCBuildConfiguration;
			buildSettings = {
				ALWAYS_SEARCH_USER_PATHS = NO;
				CLANG_ANALYZER_NONNULL = YES;
				CLANG_ANALYZER_NUMBER_OBJECT_CONVERSION = YES_AGGRESSIVE;
				CLANG_CXX_LANGUAGE_STANDARD = "gnu++14";
				CLANG_CXX_LIBRARY = "libc++";
				CLANG_ENABLE_MODULES = YES;
				CLANG_ENABLE_OBJC_ARC = YES;
				CLANG_ENABLE_OBJC_WEAK = YES;
				CLANG_WARN_BLOCK_CAPTURE_AUTORELEASING = YES;
				CLANG_WARN_BOOL_CONVERSION = YES;
				CLANG_WARN_COMMA = YES;
				CLANG_WARN_CONSTANT_CONVERSION = YES;
				CLANG_WARN_DEPRECATED_OBJC_IMPLEMENTATIONS = YES;
				CLANG_WARN_DIRECT_OBJC_ISA_USAGE = YES_ERROR;
				CLANG_WARN_DOCUMENTATION_COMMENTS = YES;
				CLANG_WARN_EMPTY_BODY = YES;
				CLANG_WARN_ENUM_CONVERSION = YES;
				CLANG_WARN_INFINITE_RECURSION = YES;
				CLANG_WARN_INT_CONVERSION = YES;
				CLANG_WARN_NON_LITERAL_NULL_CONVERSION = YES;
				CLANG_WARN_OBJC_IMPLICIT_RETAIN_SELF = YES;
				CLANG_WARN_OBJC_LITERAL_CONVERSION = YES;
				CLANG_WARN_OBJC_ROOT_CLASS = YES_ERROR;
				CLANG_WARN_RANGE_LOOP_ANALYSIS = YES;
				CLANG_WARN_STRICT_PROTOTYPES = YES;
				CLANG_WARN_SUSPICIOUS_MOVE = YES;
				CLANG_WARN_UNGUARDED_AVAILABILITY = YES_AGGRESSIVE;
				CLANG_WARN_UNREACHABLE_CODE = YES;
				CLANG_WARN__DUPLICATE_METHOD_MATCH = YES;
				COPY_PHASE_STRIP = NO;
				DEBUG_INFORMATION_FORMAT = dwarf;
				ENABLE_STRICT_OBJC_MSGSEND = YES;
				ENABLE_TESTABILITY = YES;
				GCC_C_LANGUAGE_STANDARD = gnu11;
				GCC_DYNAMIC_NO_PIC = NO;
				GCC_NO_COMMON_BLOCKS = YES;
				GCC_OPTIMIZATION_LEVEL = 0;
				GCC_PREPROCESSOR_DEFINITIONS = (
					"DEBUG=1",
					"$(inherited)",
				);
				GCC_WARN_64_TO_32_BIT_CONVERSION = YES;
				GCC_WARN_ABOUT_RETURN_TYPE = YES_ERROR;
				GCC_WARN_UNDECLARED_SELECTOR = YES;
				GCC_WARN_UNINITIALIZED_AUTOS = YES_AGGRESSIVE;
				GCC_WARN_UNUSED_FUNCTION = YES;
				GCC_WARN_UNUSED_VARIABLE = YES;
				IPHONEOS_DEPLOYMENT_TARGET = 13.1;
				MTL_ENABLE_DEBUG_INFO = INCLUDE_SOURCE;
				MTL_FAST_MATH = YES;
				ONLY_ACTIVE_ARCH = YES;
				SDKROOT = iphoneos;
			};
			name = Debug;
		};
		72A9A7142353F2560051ADCB /* Release */ = {
			isa = XCBuildConfiguration;
			buildSettings = {
				ALWAYS_SEARCH_USER_PATHS = NO;
				CLANG_ANALYZER_NONNULL = YES;
				CLANG_ANALYZER_NUMBER_OBJECT_CONVERSION = YES_AGGRESSIVE;
				CLANG_CXX_LANGUAGE_STANDARD = "gnu++14";
				CLANG_CXX_LIBRARY = "libc++";
				CLANG_ENABLE_MODULES = YES;
				CLANG_ENABLE_OBJC_ARC = YES;
				CLANG_ENABLE_OBJC_WEAK = YES;
				CLANG_WARN_BLOCK_CAPTURE_AUTORELEASING = YES;
				CLANG_WARN_BOOL_CONVERSION = YES;
				CLANG_WARN_COMMA = YES;
				CLANG_WARN_CONSTANT_CONVERSION = YES;
				CLANG_WARN_DEPRECATED_OBJC_IMPLEMENTATIONS = YES;
				CLANG_WARN_DIRECT_OBJC_ISA_USAGE = YES_ERROR;
				CLANG_WARN_DOCUMENTATION_COMMENTS = YES;
				CLANG_WARN_EMPTY_BODY = YES;
				CLANG_WARN_ENUM_CONVERSION = YES;
				CLANG_WARN_INFINITE_RECURSION = YES;
				CLANG_WARN_INT_CONVERSION = YES;
				CLANG_WARN_NON_LITERAL_NULL_CONVERSION = YES;
				CLANG_WARN_OBJC_IMPLICIT_RETAIN_SELF = YES;
				CLANG_WARN_OBJC_LITERAL_CONVERSION = YES;
				CLANG_WARN_OBJC_ROOT_CLASS = YES_ERROR;
				CLANG_WARN_RANGE_LOOP_ANALYSIS = YES;
				CLANG_WARN_STRICT_PROTOTYPES = YES;
				CLANG_WARN_SUSPICIOUS_MOVE = YES;
				CLANG_WARN_UNGUARDED_AVAILABILITY = YES_AGGRESSIVE;
				CLANG_WARN_UNREACHABLE_CODE = YES;
				CLANG_WARN__DUPLICATE_METHOD_MATCH = YES;
				COPY_PHASE_STRIP = NO;
				DEBUG_INFORMATION_FORMAT = "dwarf-with-dsym";
				ENABLE_NS_ASSERTIONS = NO;
				ENABLE_STRICT_OBJC_MSGSEND = YES;
				GCC_C_LANGUAGE_STANDARD = gnu11;
				GCC_NO_COMMON_BLOCKS = YES;
				GCC_WARN_64_TO_32_BIT_CONVERSION = YES;
				GCC_WARN_ABOUT_RETURN_TYPE = YES_ERROR;
				GCC_WARN_UNDECLARED_SELECTOR = YES;
				GCC_WARN_UNINITIALIZED_AUTOS = YES_AGGRESSIVE;
				GCC_WARN_UNUSED_FUNCTION = YES;
				GCC_WARN_UNUSED_VARIABLE = YES;
				IPHONEOS_DEPLOYMENT_TARGET = 13.1;
				MTL_ENABLE_DEBUG_INFO = NO;
				MTL_FAST_MATH = YES;
				SDKROOT = iphoneos;
				VALIDATE_PRODUCT = YES;
			};
			name = Release;
		};
		72A9A7162353F2560051ADCB /* Debug */ = {
			isa = XCBuildConfiguration;
			buildSettings = {
				ASSETCATALOG_COMPILER_APPICON_NAME = AppIcon;
				CODE_SIGN_STYLE = Automatic;
				DEVELOPMENT_TEAM = J64UR73K74;
				INFOPLIST_FILE = NewsApp/Info.plist;
				LD_RUNPATH_SEARCH_PATHS = (
					"$(inherited)",
					"@executable_path/Frameworks",
				);
				PRODUCT_BUNDLE_IDENTIFIER = com.victorwu.NewsApp;
				PRODUCT_NAME = "$(TARGET_NAME)";
				TARGETED_DEVICE_FAMILY = "1,2";
			};
			name = Debug;
		};
		72A9A7172353F2560051ADCB /* Release */ = {
			isa = XCBuildConfiguration;
			buildSettings = {
				ASSETCATALOG_COMPILER_APPICON_NAME = AppIcon;
				CODE_SIGN_STYLE = Automatic;
				DEVELOPMENT_TEAM = J64UR73K74;
				INFOPLIST_FILE = NewsApp/Info.plist;
				LD_RUNPATH_SEARCH_PATHS = (
					"$(inherited)",
					"@executable_path/Frameworks",
				);
				PRODUCT_BUNDLE_IDENTIFIER = com.victorwu.NewsApp;
				PRODUCT_NAME = "$(TARGET_NAME)";
				TARGETED_DEVICE_FAMILY = "1,2";
			};
			name = Release;
		};
/* End XCBuildConfiguration section */

/* Begin XCConfigurationList section */
		72A9A6F72353F2520051ADCB /* Build configuration list for PBXProject "NewsApp" */ = {
			isa = XCConfigurationList;
			buildConfigurations = (
				72A9A7132353F2560051ADCB /* Debug */,
				72A9A7142353F2560051ADCB /* Release */,
			);
			defaultConfigurationIsVisible = 0;
			defaultConfigurationName = Release;
		};
		72A9A7152353F2560051ADCB /* Build configuration list for PBXNativeTarget "NewsApp" */ = {
			isa = XCConfigurationList;
			buildConfigurations = (
				72A9A7162353F2560051ADCB /* Debug */,
				72A9A7172353F2560051ADCB /* Release */,
			);
			defaultConfigurationIsVisible = 0;
			defaultConfigurationName = Release;
		};
/* End XCConfigurationList section */
	};
	rootObject = 72A9A6F42353F2520051ADCB /* Project object */;
}
